
Microsoft Visual Studio Solution File, Format Version 12.00
# Visual Studio 15
VisualStudioVersion = 15.0.26730.10
MinimumVisualStudioVersion = 10.0.40219.1
Project("{FAE04EC0-301F-11D3-BF4B-00C04F79EFBC}") = "geographyTest", "geographyTest\geographyTest.csproj", "{A6DDCDBF-0AB9-46B8-BDB3-80176F37A492}"
EndProject
Global
	GlobalSection(SolutionConfigurationPlatforms) = preSolution
		Debug|Any CPU = Debug|Any CPU
		Release|Any CPU = Release|Any CPU
	EndGlobalSection
	GlobalSection(ProjectConfigurationPlatforms) = postSolution
		{A6DDCDBF-0AB9-46B8-BDB3-80176F37A492}.Debug|Any CPU.ActiveCfg = Debug|Any CPU
		{A6DDCDBF-0AB9-46B8-BDB3-80176F37A492}.Debug|Any CPU.Build.0 = Debug|Any CPU
		{A6DDCDBF-0AB9-46B8-BDB3-80176F37A492}.Release|Any CPU.ActiveCfg = Release|Any CPU
		{A6DDCDBF-0AB9-46B8-BDB3-80176F37A492}.Release|Any CPU.Build.0 = Release|Any CPU
	EndGlobalSection
	GlobalSection(SolutionProperties) = preSolution
		HideSolutionNode = FALSE
	EndGlobalSection
	GlobalSection(ExtensibilityGlobals) = postSolution
		SolutionGuid = {8C550EAA-CE7F-4339-9660-27A2C28E564D}
	EndGlobalSection
EndGlobal
